
Microsoft Visual Studio Solution File, Format Version 12.00
# Visual Studio Version 17
VisualStudioVersion = 17.0.31903.59
MinimumVisualStudioVersion = 10.0.40219.1
Project("{2150E333-8FDC-42A3-9474-1A3956D46DE8}") = "server", "server", "{A6764C50-4856-49F2-8660-E118EBE23376}"
EndProject
Project("{FAE04EC0-301F-11D3-BF4B-00C04F79EFBC}") = "VisionMesh.Core", "server\VisionMesh.Core\VisionMesh.Core.csproj", "{0AA05951-AEF8-41B7-90FE-AD5C48ABE35D}"
EndProject
Project("{FAE04EC0-301F-11D3-BF4B-00C04F79EFBC}") = "VisionMesh.Database", "server\VisionMesh.Database\VisionMesh.Database.csproj", "{0128E53F-1285-4449-8728-AAAE16FF8AD1}"
EndProject
Project("{FAE04EC0-301F-11D3-BF4B-00C04F79EFBC}") = "VisionMesh.Streaming", "server\VisionMesh.Streaming\VisionMesh.Streaming.csproj", "{12AEE251-88A4-48D6-9C77-FFFD2A109DA1}"
EndProject
Project("{FAE04EC0-301F-11D3-BF4B-00C04F79EFBC}") = "VisionMesh.Recording", "server\VisionMesh.Recording\VisionMesh.Recording.csproj", "{1E6BD152-01B7-4ED3-94AE-4E37FD8D3F0D}"
EndProject
Project("{FAE04EC0-301F-11D3-BF4B-00C04F79EFBC}") = "VisionMesh.HomeAssistant", "server\VisionMesh.HomeAssistant\VisionMesh.HomeAssistant.csproj", "{03497C8C-3171-4095-8E04-6E5E0730E3FC}"
EndProject
Project("{FAE04EC0-301F-11D3-BF4B-00C04F79EFBC}") = "VisionMesh.Api", "server\VisionMesh.Api\VisionMesh.Api.csproj", "{F388B422-0119-4EF5-860B-DA69503BA05D}"
EndProject
Project("{FAE04EC0-301F-11D3-BF4B-00C04F79EFBC}") = "VisionMesh.Server", "server\VisionMesh.Server\VisionMesh.Server.csproj", "{F9182B54-5BC9-4EDB-84FD-9B205439053C}"
EndProject
Project("{2150E333-8FDC-42A3-9474-1A3956D46DE8}") = "tests", "tests", "{98582C76-ECC2-4814-94EB-8F26604F73DD}"
EndProject
Project("{FAE04EC0-301F-11D3-BF4B-00C04F79EFBC}") = "VisionMesh.Tests", "tests\VisionMesh.Tests\VisionMesh.Tests.csproj", "{87D47F0D-7FE7-4ADF-98C3-46F0CDA6B402}"
EndProject
Project("{2150E333-8FDC-42A3-9474-1A3956D46DE8}") = "agents", "agents", "{73BEE742-E5FB-428C-B8A0-B21B13F304AA}"
EndProject
Project("{2150E333-8FDC-42A3-9474-1A3956D46DE8}") = "shared", "shared", "{840C4FC7-99C8-49C7-B26E-0B0D55F7A086}"
EndProject
Project("{FAE04EC0-301F-11D3-BF4B-00C04F79EFBC}") = "VisionMesh.Agent.Core", "agents\shared\VisionMesh.Agent.Core\VisionMesh.Agent.Core.csproj", "{E3EB9FE6-C47A-4654-866A-D87CEEFDF15B}"
EndProject
Global
	GlobalSection(SolutionConfigurationPlatforms) = preSolution
		Debug|Any CPU = Debug|Any CPU
		Release|Any CPU = Release|Any CPU
	EndGlobalSection
	GlobalSection(SolutionProperties) = preSolution
		HideSolutionNode = FALSE
	EndGlobalSection
	GlobalSection(ProjectConfigurationPlatforms) = postSolution
		{0AA05951-AEF8-41B7-90FE-AD5C48ABE35D}.Debug|Any CPU.ActiveCfg = Debug|Any CPU
		{0AA05951-AEF8-41B7-90FE-AD5C48ABE35D}.Debug|Any CPU.Build.0 = Debug|Any CPU
		{0AA05951-AEF8-41B7-90FE-AD5C48ABE35D}.Release|Any CPU.ActiveCfg = Release|Any CPU
		{0AA05951-AEF8-41B7-90FE-AD5C48ABE35D}.Release|Any CPU.Build.0 = Release|Any CPU
		{0128E53F-1285-4449-8728-AAAE16FF8AD1}.Debug|Any CPU.ActiveCfg = Debug|Any CPU
		{0128E53F-1285-4449-8728-AAAE16FF8AD1}.Debug|Any CPU.Build.0 = Debug|Any CPU
		{0128E53F-1285-4449-8728-AAAE16FF8AD1}.Release|Any CPU.ActiveCfg = Release|Any CPU
		{0128E53F-1285-4449-8728-AAAE16FF8AD1}.Release|Any CPU.Build.0 = Release|Any CPU
		{12AEE251-88A4-48D6-9C77-FFFD2A109DA1}.Debug|Any CPU.ActiveCfg = Debug|Any CPU
		{12AEE251-88A4-48D6-9C77-FFFD2A109DA1}.Debug|Any CPU.Build.0 = Debug|Any CPU
		{12AEE251-88A4-48D6-9C77-FFFD2A109DA1}.Release|Any CPU.ActiveCfg = Release|Any CPU
		{12AEE251-88A4-48D6-9C77-FFFD2A109DA1}.Release|Any CPU.Build.0 = Release|Any CPU
		{1E6BD152-01B7-4ED3-94AE-4E37FD8D3F0D}.Debug|Any CPU.ActiveCfg = Debug|Any CPU
		{1E6BD152-01B7-4ED3-94AE-4E37FD8D3F0D}.Debug|Any CPU.Build.0 = Debug|Any CPU
		{1E6BD152-01B7-4ED3-94AE-4E37FD8D3F0D}.Release|Any CPU.ActiveCfg = Release|Any CPU
		{1E6BD152-01B7-4ED3-94AE-4E37FD8D3F0D}.Release|Any CPU.Build.0 = Release|Any CPU
		{03497C8C-3171-4095-8E04-6E5E0730E3FC}.Debug|Any CPU.ActiveCfg = Debug|Any CPU
		{03497C8C-3171-4095-8E04-6E5E0730E3FC}.Debug|Any CPU.Build.0 = Debug|Any CPU
		{03497C8C-3171-4095-8E04-6E5E0730E3FC}.Release|Any CPU.ActiveCfg = Release|Any CPU
		{03497C8C-3171-4095-8E04-6E5E0730E3FC}.Release|Any CPU.Build.0 = Release|Any CPU
		{F388B422-0119-4EF5-860B-DA69503BA05D}.Debug|Any CPU.ActiveCfg = Debug|Any CPU
		{F388B422-0119-4EF5-860B-DA69503BA05D}.Debug|Any CPU.Build.0 = Debug|Any CPU
		{F388B422-0119-4EF5-860B-DA69503BA05D}.Release|Any CPU.ActiveCfg = Release|Any CPU
		{F388B422-0119-4EF5-860B-DA69503BA05D}.Release|Any CPU.Build.0 = Release|Any CPU
		{F9182B54-5BC9-4EDB-84FD-9B205439053C}.Debug|Any CPU.ActiveCfg = Debug|Any CPU
		{F9182B54-5BC9-4EDB-84FD-9B205439053C}.Debug|Any CPU.Build.0 = Debug|Any CPU
		{F9182B54-5BC9-4EDB-84FD-9B205439053C}.Release|Any CPU.ActiveCfg = Release|Any CPU
		{F9182B54-5BC9-4EDB-84FD-9B205439053C}.Release|Any CPU.Build.0 = Release|Any CPU
		{87D47F0D-7FE7-4ADF-98C3-46F0CDA6B402}.Debug|Any CPU.ActiveCfg = Debug|Any CPU
		{87D47F0D-7FE7-4ADF-98C3-46F0CDA6B402}.Debug|Any CPU.Build.0 = Debug|Any CPU
		{87D47F0D-7FE7-4ADF-98C3-46F0CDA6B402}.Release|Any CPU.ActiveCfg = Release|Any CPU
		{87D47F0D-7FE7-4ADF-98C3-46F0CDA6B402}.Release|Any CPU.Build.0 = Release|Any CPU
		{E3EB9FE6-C47A-4654-866A-D87CEEFDF15B}.Debug|Any CPU.ActiveCfg = Debug|Any CPU
		{E3EB9FE6-C47A-4654-866A-D87CEEFDF15B}.Debug|Any CPU.Build.0 = Debug|Any CPU
		{E3EB9FE6-C47A-4654-866A-D87CEEFDF15B}.Release|Any CPU.ActiveCfg = Release|Any CPU
		{E3EB9FE6-C47A-4654-866A-D87CEEFDF15B}.Release|Any CPU.Build.0 = Release|Any CPU
	EndGlobalSection
	GlobalSection(NestedProjects) = preSolution
		{0AA05951-AEF8-41B7-90FE-AD5C48ABE35D} = {A6764C50-4856-49F2-8660-E118EBE23376}
		{0128E53F-1285-4449-8728-AAAE16FF8AD1} = {A6764C50-4856-49F2-8660-E118EBE23376}
		{12AEE251-88A4-48D6-9C77-FFFD2A109DA1} = {A6764C50-4856-49F2-8660-E118EBE23376}
		{1E6BD152-01B7-4ED3-94AE-4E37FD8D3F0D} = {A6764C50-4856-49F2-8660-E118EBE23376}
		{03497C8C-3171-4095-8E04-6E5E0730E3FC} = {A6764C50-4856-49F2-8660-E118EBE23376}
		{F388B422-0119-4EF5-860B-DA69503BA05D} = {A6764C50-4856-49F2-8660-E118EBE23376}
		{F9182B54-5BC9-4EDB-84FD-9B205439053C} = {A6764C50-4856-49F2-8660-E118EBE23376}
		{87D47F0D-7FE7-4ADF-98C3-46F0CDA6B402} = {98582C76-ECC2-4814-94EB-8F26604F73DD}
		{840C4FC7-99C8-49C7-B26E-0B0D55F7A086} = {73BEE742-E5FB-428C-B8A0-B21B13F304AA}
		{E3EB9FE6-C47A-4654-866A-D87CEEFDF15B} = {840C4FC7-99C8-49C7-B26E-0B0D55F7A086}
	EndGlobalSection
EndGlobal
